// !$*UTF8*$!
{
	archiveVersion = 1;
	classes = {
	};
	objectVersion = 50;
	objects = {

/* Begin PBXBuildFile section */
		2D61FA0425101C1700FBCCA8 /* AppDelegate.swift in Sources */ = {isa = PBXBuildFile; fileRef = 2D61FA0325101C1700FBCCA8 /* AppDelegate.swift */; };
		2D61FA0625101C1700FBCCA8 /* SceneDelegate.swift in Sources */ = {isa = PBXBuildFile; fileRef = 2D61FA0525101C1700FBCCA8 /* SceneDelegate.swift */; };
		2D61FA0825101C1700FBCCA8 /* ViewController.swift in Sources */ = {isa = PBXBuildFile; fileRef = 2D61FA0725101C1700FBCCA8 /* ViewController.swift */; };
		2D61FA0B25101C1700FBCCA8 /* Main.storyboard in Resources */ = {isa = PBXBuildFile; fileRef = 2D61FA0925101C1700FBCCA8 /* Main.storyboard */; };
		2D61FA0D25101C1B00FBCCA8 /* Assets.xcassets in Resources */ = {isa = PBXBuildFile; fileRef = 2D61FA0C25101C1B00FBCCA8 /* Assets.xcassets */; };
		2D61FA1025101C1B00FBCCA8 /* LaunchScreen.storyboard in Resources */ = {isa = PBXBuildFile; fileRef = 2D61FA0E25101C1B00FBCCA8 /* LaunchScreen.storyboard */; };
/* End PBXBuildFile section */

/* Begin PBXFileReference section */
		2D61FA0025101C1700FBCCA8 /* i am rich.app */ = {isa = PBXFileReference; explicitFileType = wrapper.application; includeInIndex = 0; path = "i am rich.app"; sourceTree = BUILT_PRODUCTS_DIR; };
		2D61FA0325101C1700FBCCA8 /* AppDelegate.swift */ = {isa = PBXFileReference; lastKnownFileType = sourcecode.swift; path = AppDelegate.swift; sourceTree = "<group>"; };
		2D61FA0525101C1700FBCCA8 /* SceneDelegate.swift */ = {isa = PBXFileReference; lastKnownFileType = sourcecode.swift; path = SceneDelegate.swift; sourceTree = "<group>"; };
		2D61FA0725101C1700FBCCA8 /* ViewController.swift */ = {isa = PBXFileReference; lastKnownFileType = sourcecode.swift; path = ViewController.swift; sourceTree = "<group>"; };
		2D61FA0A25101C1700FBCCA8 /* Base */ = {isa = PBXFileReference; lastKnownFileType = file.storyboard; name = Base; path = Base.lproj/Main.storyboard; sourceTree = "<group>"; };
		2D61FA0C25101C1B00FBCCA8 /* Assets.xcassets */ = {isa = PBXFileReference; lastKnownFileType = folder.assetcatalog; path = Assets.xcassets; sourceTree = "<group>"; };
		2D61FA0F25101C1B00FBCCA8 /* Base */ = {isa = PBXFileReference; lastKnownFileType = file.storyboard; name = Base; path = Base.lproj/LaunchScreen.storyboard; sourceTree = "<group>"; };
		2D61FA1125101C1B00FBCCA8 /* Info.plist */ = {isa = PBXFileReference; lastKnownFileType = text.plist.xml; path = Info.plist; sourceTree = "<group>"; };
/* End PBXFileReference section */

/* Begin PBXFrameworksBuildPhase section */
		2D61F9FD25101C1700FBCCA8 /* Frameworks */ = {
			isa = PBXFrameworksBuildPhase;
			buildActionMask = 2147483647;
			files = (
			);
			runOnlyForDeploymentPostprocessing = 0;
		};
/* End PBXFrameworksBuildPhase section */

/* Begin PBXGroup section */
		2D61F9F725101C1700FBCCA8 = {
			isa = PBXGroup;
			children = (
				2D61FA0225101C1700FBCCA8 /* i am rich */,
				2D61FA0125101C1700FBCCA8 /* Products */,
			);
			sourceTree = "<group>";
		};
		2D61FA0125101C1700FBCCA8 /* Products */ = {
			isa = PBXGroup;
			children = (
				2D61FA0025101C1700FBCCA8 /* i am rich.app */,
			);
			name = Products;
			sourceTree = "<group>";
		};
		2D61FA0225101C1700FBCCA8 /* i am rich */ = {
			isa = PBXGroup;
			children = (
				2D61FA0325101C1700FBCCA8 /* AppDelegate.swift */,
				2D61FA0525101C1700FBCCA8 /* SceneDelegate.swift */,
				2D61FA0725101C1700FBCCA8 /* ViewController.swift */,
				2D61FA0925101C1700FBCCA8 /* Main.storyboard */,
				2D61FA0C25101C1B00FBCCA8 /* Assets.xcassets */,
				2D61FA0E25101C1B00FBCCA8 /* LaunchScreen.storyboard */,
				2D61FA1125101C1B00FBCCA8 /* Info.plist */,
			);
			path = "i am rich";
			sourceTree = "<group>";
		};
/* End PBXGroup section */

/* Begin PBXNativeTarget section */
		2D61F9FF25101C1700FBCCA8 /* i am rich */ = {
			isa = PBXNativeTarget;
			buildConfigurationList = 2D61FA1425101C1B00FBCCA8 /* Build configuration list for PBXNativeTarget "i am rich" */;
			buildPhases = (
				2D61F9FC25101C1700FBCCA8 /* Sources */,
				2D61F9FD25101C1700FBCCA8 /* Frameworks */,
				2D61F9FE25101C1700FBCCA8 /* Resources */,
			);
			buildRules = (
			);
			dependencies = (
			);
			name = "i am rich";
			productName = "i am rich";
			productReference = 2D61FA0025101C1700FBCCA8 /* i am rich.app */;
			productType = "com.apple.product-type.application";
		};
/* End PBXNativeTarget section */

/* Begin PBXProject section */
		2D61F9F825101C1700FBCCA8 /* Project object */ = {
			isa = PBXProject;
			attributes = {
				LastSwiftUpdateCheck = 1170;
				LastUpgradeCheck = 1170;
				ORGANIZATIONNAME = "Natallyson Saraiva";
				TargetAttributes = {
					2D61F9FF25101C1700FBCCA8 = {
						CreatedOnToolsVersion = 11.7;
					};
				};
			};
			buildConfigurationList = 2D61F9FB25101C1700FBCCA8 /* Build configuration list for PBXProject "i am rich" */;
			compatibilityVersion = "Xcode 9.3";
			developmentRegion = en;
			hasScannedForEncodings = 0;
			knownRegions = (
				en,
				Base,
			);
			mainGroup = 2D61F9F725101C1700FBCCA8;
			productRefGroup = 2D61FA0125101C1700FBCCA8 /* Products */;
			projectDirPath = "";
			projectRoot = "";
			targets = (
				2D61F9FF25101C1700FBCCA8 /* i am rich */,
			);
		};
/* End PBXProject section */

/* Begin PBXResourcesBuildPhase section */
		2D61F9FE25101C1700FBCCA8 /* Resources */ = {
			isa = PBXResourcesBuildPhase;
			buildActionMask = 2147483647;
			files = (
				2D61FA1025101C1B00FBCCA8 /* LaunchScreen.storyboard in Resources */,
				2D61FA0D25101C1B00FBCCA8 /* Assets.xcassets in Resources */,
				2D61FA0B25101C1700FBCCA8 /* Main.storyboard in Resources */,
			);
			runOnlyForDeploymentPostprocessing = 0;
		};
/* End PBXResourcesBuildPhase section */

/* Begin PBXSourcesBuildPhase section */
		2D61F9FC25101C1700FBCCA8 /* Sources */ = {
			isa = PBXSourcesBuildPhase;
			buildActionMask = 2147483647;
			files = (
				2D61FA0825101C1700FBCCA8 /* ViewController.swift in Sources */,
				2D61FA0425101C1700FBCCA8 /* AppDelegate.swift in Sources */,
				2D61FA0625101C1700FBCCA8 /* SceneDelegate.swift in Sources */,
			);
			runOnlyForDeploymentPostprocessing = 0;
		};
/* End PBXSourcesBuildPhase section */

/* Begin PBXVariantGroup section */
		2D61FA0925101C1700FBCCA8 /* Main.storyboard */ = {
			isa = PBXVariantGroup;
			children = (
				2D61FA0A25101C1700FBCCA8 /* Base */,
			);
			name = Main.storyboard;
			sourceTree = "<group>";
		};
		2D61FA0E25101C1B00FBCCA8 /* LaunchScreen.storyboard */ = {
			isa = PBXVariantGroup;
			children = (
				2D61FA0F25101C1B00FBCCA8 /* Base */,
			);
			name = LaunchScreen.storyboard;
			sourceTree = "<group>";
		};
/* End PBXVariantGroup section */

/* Begin XCBuildConfiguration section */
		2D61FA1225101C1B00FBCCA8 /* Debug */ = {
			isa = XCBuildConfiguration;
			buildSettings = {
				ALWAYS_SEARCH_USER_PATHS = NO;
				CLANG_ANALYZER_NONNULL = YES;
				CLANG_ANALYZER_NUMBER_OBJECT_CONVERSION = YES_AGGRESSIVE;
				CLANG_CXX_LANGUAGE_STANDARD = "gnu++14";
				CLANG_CXX_LIBRARY = "libc++";
				CLANG_ENABLE_MODULES = YES;
				CLANG_ENABLE_OBJC_ARC = YES;
				CLANG_ENABLE_OBJC_WEAK = YES;
				CLANG_WARN_BLOCK_CAPTURE_AUTORELEASING = YES;
				CLANG_WARN_BOOL_CONVERSION = YES;
				CLANG_WARN_COMMA = YES;
				CLANG_WARN_CONSTANT_CONVERSION = YES;
				CLANG_WARN_DEPRECATED_OBJC_IMPLEMENTATIONS = YES;
				CLANG_WARN_DIRECT_OBJC_ISA_USAGE = YES_ERROR;
				CLANG_WARN_DOCUMENTATION_COMMENTS = YES;
				CLANG_WARN_EMPTY_BODY = YES;
				CLANG_WARN_ENUM_CONVERSION = YES;
				CLANG_WARN_INFINITE_RECURSION = YES;
				CLANG_WARN_INT_CONVERSION = YES;
				CLANG_WARN_NON_LITERAL_NULL_CONVERSION = YES;
				CLANG_WARN_OBJC_IMPLICIT_RETAIN_SELF = YES;
				CLANG_WARN_OBJC_LITERAL_CONVERSION = YES;
				CLANG_WARN_OBJC_ROOT_CLASS = YES_ERROR;
				CLANG_WARN_RANGE_LOOP_ANALYSIS = YES;
				CLANG_WARN_STRICT_PROTOTYPES = YES;
				CLANG_WARN_SUSPICIOUS_MOVE = YES;
				CLANG_WARN_UNGUARDED_AVAILABILITY = YES_AGGRESSIVE;
				CLANG_WARN_UNREACHABLE_CODE = YES;
				CLANG_WARN__DUPLICATE_METHOD_MATCH = YES;
				COPY_PHASE_STRIP = NO;
				DEBUG_INFORMATION_FORMAT = dwarf;
				ENABLE_STRICT_OBJC_MSGSEND = YES;
				ENABLE_TESTABILITY = YES;
				GCC_C_LANGUAGE_STANDARD = gnu11;
				GCC_DYNAMIC_NO_PIC = NO;
				GCC_NO_COMMON_BLOCKS = YES;
				GCC_OPTIMIZATION_LEVEL = 0;
				GCC_PREPROCESSOR_DEFINITIONS = (
					"DEBUG=1",
					"$(inherited)",
				);
				GCC_WARN_64_TO_32_BIT_CONVERSION = YES;
				GCC_WARN_ABOUT_RETURN_TYPE = YES_ERROR;
				GCC_WARN_UNDECLARED_SELECTOR = YES;
				GCC_WARN_UNINITIALIZED_AUTOS = YES_AGGRESSIVE;
				GCC_WARN_UNUSED_FUNCTION = YES;
				GCC_WARN_UNUSED_VARIABLE = YES;
				IPHONEOS_DEPLOYMENT_TARGET = 13.7;
				MTL_ENABLE_DEBUG_INFO = INCLUDE_SOURCE;
				MTL_FAST_MATH = YES;
				ONLY_ACTIVE_ARCH = YES;
				SDKROOT = iphoneos;
				SWIFT_ACTIVE_COMPILATION_CONDITIONS = DEBUG;
				SWIFT_OPTIMIZATION_LEVEL = "-Onone";
			};
			name = Debug;
		};
		2D61FA1325101C1B00FBCCA8 /* Release */ = {
			isa = XCBuildConfiguration;
			buildSettings = {
				ALWAYS_SEARCH_USER_PATHS = NO;
				CLANG_ANALYZER_NONNULL = YES;
				CLANG_ANALYZER_NUMBER_OBJECT_CONVERSION = YES_AGGRESSIVE;
				CLANG_CXX_LANGUAGE_STANDARD = "gnu++14";
				CLANG_CXX_LIBRARY = "libc++";
				CLANG_ENABLE_MODULES = YES;
				CLANG_ENABLE_OBJC_ARC = YES;
				CLANG_ENABLE_OBJC_WEAK = YES;
				CLANG_WARN_BLOCK_CAPTURE_AUTORELEASING = YES;
				CLANG_WARN_BOOL_CONVERSION = YES;
				CLANG_WARN_COMMA = YES;
				CLANG_WARN_CONSTANT_CONVERSION = YES;
				CLANG_WARN_DEPRECATED_OBJC_IMPLEMENTATIONS = YES;
				CLANG_WARN_DIRECT_OBJC_ISA_USAGE = YES_ERROR;
				CLANG_WARN_DOCUMENTATION_COMMENTS = YES;
				CLANG_WARN_EMPTY_BODY = YES;
				CLANG_WARN_ENUM_CONVERSION = YES;
				CLANG_WARN_INFINITE_RECURSION = YES;
				CLANG_WARN_INT_CONVERSION = YES;
				CLANG_WARN_NON_LITERAL_NULL_CONVERSION = YES;
				CLANG_WARN_OBJC_IMPLICIT_RETAIN_SELF = YES;
				CLANG_WARN_OBJC_LITERAL_CONVERSION = YES;
				CLANG_WARN_OBJC_ROOT_CLASS = YES_ERROR;
				CLANG_WARN_RANGE_LOOP_ANALYSIS = YES;
				CLANG_WARN_STRICT_PROTOTYPES = YES;
				CLANG_WARN_SUSPICIOUS_MOVE = YES;
				CLANG_WARN_UNGUARDED_AVAILABILITY = YES_AGGRESSIVE;
				CLANG_WARN_UNREACHABLE_CODE = YES;
				CLANG_WARN__DUPLICATE_METHOD_MATCH = YES;
				COPY_PHASE_STRIP = NO;
				DEBUG_INFORMATION_FORMAT = "dwarf-with-dsym";
				ENABLE_NS_ASSERTIONS = NO;
				ENABLE_STRICT_OBJC_MSGSEND = YES;
				GCC_C_LANGUAGE_STANDARD = gnu11;
				GCC_NO_COMMON_BLOCKS = YES;
				GCC_WARN_64_TO_32_BIT_CONVERSION = YES;
				GCC_WARN_ABOUT_RETURN_TYPE = YES_ERROR;
				GCC_WARN_UNDECLARED_SELECTOR = YES;
				GCC_WARN_UNINITIALIZED_AUTOS = YES_AGGRESSIVE;
				GCC_WARN_UNUSED_FUNCTION = YES;
				GCC_WARN_UNUSED_VARIABLE = YES;
				IPHONEOS_DEPLOYMENT_TARGET = 13.7;
				MTL_ENABLE_DEBUG_INFO = NO;
				MTL_FAST_MATH = YES;
				SDKROOT = iphoneos;
				SWIFT_COMPILATION_MODE = wholemodule;
				SWIFT_OPTIMIZATION_LEVEL = "-O";
				VALIDATE_PRODUCT = YES;
			};
			name = Release;
		};
		2D61FA1525101C1B00FBCCA8 /* Debug */ = {
			isa = XCBuildConfiguration;
			buildSettings = {
				ASSETCATALOG_COMPILER_APPICON_NAME = AppIcon;
				CODE_SIGN_STYLE = Automatic;
				INFOPLIST_FILE = "i am rich/Info.plist";
				IPHONEOS_DEPLOYMENT_TARGET = 13.0;
				LD_RUNPATH_SEARCH_PATHS = (
					"$(inherited)",
					"@executable_path/Frameworks",
				);
				PRODUCT_BUNDLE_IDENTIFIER = "br.com.natallyson.i-am-rich";
				PRODUCT_NAME = "$(TARGET_NAME)";
				SWIFT_VERSION = 5.0;
				TARGETED_DEVICE_FAMILY = "1,2";
			};
			name = Debug;
		};
		2D61FA1625101C1B00FBCCA8 /* Release */ = {
			isa = XCBuildConfiguration;
			buildSettings = {
				ASSETCATALOG_COMPILER_APPICON_NAME = AppIcon;
				CODE_SIGN_STYLE = Automatic;
				INFOPLIST_FILE = "i am rich/Info.plist";
				IPHONEOS_DEPLOYMENT_TARGET = 13.0;
				LD_RUNPATH_SEARCH_PATHS = (
					"$(inherited)",
					"@executable_path/Frameworks",
				);
				PRODUCT_BUNDLE_IDENTIFIER = "br.com.natallyson.i-am-rich";
				PRODUCT_NAME = "$(TARGET_NAME)";
				SWIFT_VERSION = 5.0;
				TARGETED_DEVICE_FAMILY = "1,2";
			};
			name = Release;
		};
/* End XCBuildConfiguration section */

/* Begin XCConfigurationList section */
		2D61F9FB25101C1700FBCCA8 /* Build configuration list for PBXProject "i am rich" */ = {
			isa = XCConfigurationList;
			buildConfigurations = (
				2D61FA1225101C1B00FBCCA8 /* Debug */,
				2D61FA1325101C1B00FBCCA8 /* Release */,
			);
			defaultConfigurationIsVisible = 0;
			defaultConfigurationName = Release;
		};
		2D61FA1425101C1B00FBCCA8 /* Build configuration list for PBXNativeTarget "i am rich" */ = {
			isa = XCConfigurationList;
			buildConfigurations = (
				2D61FA1525101C1B00FBCCA8 /* Debug */,
				2D61FA1625101C1B00FBCCA8 /* Release */,
			);
			defaultConfigurationIsVisible = 0;
			defaultConfigurationName = Release;
		};
/* End XCConfigurationList section */
	};
	rootObject = 2D61F9F825101C1700FBCCA8 /* Project object */;
}
